
Microsoft Visual Studio Solution File, Format Version 12.00
# Visual Studio Version 17
VisualStudioVersion = 17.10.34928.147
MinimumVisualStudioVersion = 10.0.40219.1
Project("{FAE04EC0-301F-11D3-BF4B-00C04F79EFBC}") = "homeWorkLargestElement", "homeWorkLargestElement.csproj", "{32235E7F-CC43-4885-9000-F68605C77E2B}"
EndProject
Global
	GlobalSection(SolutionConfigurationPlatforms) = preSolution
		Debug|Any CPU = Debug|Any CPU
		Release|Any CPU = Release|Any CPU
	EndGlobalSection
	GlobalSection(ProjectConfigurationPlatforms) = postSolution
		{32235E7F-CC43-4885-9000-F68605C77E2B}.Debug|Any CPU.ActiveCfg = Debug|Any CPU
		{32235E7F-CC43-4885-9000-F68605C77E2B}.Debug|Any CPU.Build.0 = Debug|Any CPU
		{32235E7F-CC43-4885-9000-F68605C77E2B}.Release|Any CPU.ActiveCfg = Release|Any CPU
		{32235E7F-CC43-4885-9000-F68605C77E2B}.Release|Any CPU.Build.0 = Release|Any CPU
	EndGlobalSection
	GlobalSection(SolutionProperties) = preSolution
		HideSolutionNode = FALSE
	EndGlobalSection
	GlobalSection(ExtensibilityGlobals) = postSolution
		SolutionGuid = {20E74B0A-5015-4FAC-95D8-FB4F92961C4D}
	EndGlobalSection
EndGlobal
